// !$*UTF8*$!
{
	archiveVersion = 1;
	classes = {
	};
	objectVersion = 50;
	objects = {

/* Begin PBXBuildFile section */
		4BEFA0F91B78086FC19BD1F8 /* libPods-FamilyBalance-FamilyBalanceUITests.a in Frameworks */ = {isa = PBXBuildFile; fileRef = 31D2517A6F6B548CBD590050 /* libPods-FamilyBalance-FamilyBalanceUITests.a */; };
		56184180246C6261006BF368 /* Operations.storyboard in Resources */ = {isa = PBXBuildFile; fileRef = 5618417F246C6261006BF368 /* Operations.storyboard */; };
		56184182246C62AC006BF368 /* OperationsViewController.swift in Sources */ = {isa = PBXBuildFile; fileRef = 56184181246C62AC006BF368 /* OperationsViewController.swift */; };
		56184184246C637E006BF368 /* OperationsCoordinator.swift in Sources */ = {isa = PBXBuildFile; fileRef = 56184183246C637E006BF368 /* OperationsCoordinator.swift */; };
		56184186246C6527006BF368 /* OperationsView.swift in Sources */ = {isa = PBXBuildFile; fileRef = 56184185246C6527006BF368 /* OperationsView.swift */; };
		56184188246C655E006BF368 /* OperationsViewModel.swift in Sources */ = {isa = PBXBuildFile; fileRef = 56184187246C655E006BF368 /* OperationsViewModel.swift */; };
		5618418F246D7899006BF368 /* AuthBackView.swift in Sources */ = {isa = PBXBuildFile; fileRef = 5618418E246D7899006BF368 /* AuthBackView.swift */; };
		56184191246D7D1B006BF368 /* AppSizes.swift in Sources */ = {isa = PBXBuildFile; fileRef = 56184190246D7D1B006BF368 /* AppSizes.swift */; };
		56184193246D7FBE006BF368 /* AppColors.swift in Sources */ = {isa = PBXBuildFile; fileRef = 56184192246D7FBE006BF368 /* AppColors.swift */; };
		56184197246D8702006BF368 /* BlueRoundedButton.swift in Sources */ = {isa = PBXBuildFile; fileRef = 56184196246D8702006BF368 /* BlueRoundedButton.swift */; };
		56184199246D8F10006BF368 /* UIViewController + dismissKeyboard.swift in Sources */ = {isa = PBXBuildFile; fileRef = 56184198246D8F10006BF368 /* UIViewController + dismissKeyboard.swift */; };
		56214F51246569C7000CE0BD /* CoordinatorProtocols.swift in Sources */ = {isa = PBXBuildFile; fileRef = 56214F50246569C7000CE0BD /* CoordinatorProtocols.swift */; };
		56444DE424599FDD00BB6BAE /* AppDelegate.swift in Sources */ = {isa = PBXBuildFile; fileRef = 56444DE324599FDD00BB6BAE /* AppDelegate.swift */; };
		56444DE624599FDD00BB6BAE /* SceneDelegate.swift in Sources */ = {isa = PBXBuildFile; fileRef = 56444DE524599FDD00BB6BAE /* SceneDelegate.swift */; };
		56444DE824599FDD00BB6BAE /* SignInViewController.swift in Sources */ = {isa = PBXBuildFile; fileRef = 56444DE724599FDD00BB6BAE /* SignInViewController.swift */; };
		56444DEB24599FDD00BB6BAE /* SignIn.storyboard in Resources */ = {isa = PBXBuildFile; fileRef = 56444DE924599FDD00BB6BAE /* SignIn.storyboard */; };
		56444DEE24599FDD00BB6BAE /* FamilyBalance.xcdatamodeld in Sources */ = {isa = PBXBuildFile; fileRef = 56444DEC24599FDD00BB6BAE /* FamilyBalance.xcdatamodeld */; };
		56444DF024599FDF00BB6BAE /* Assets.xcassets in Resources */ = {isa = PBXBuildFile; fileRef = 56444DEF24599FDF00BB6BAE /* Assets.xcassets */; };
		56444DF324599FDF00BB6BAE /* LaunchScreen.storyboard in Resources */ = {isa = PBXBuildFile; fileRef = 56444DF124599FDF00BB6BAE /* LaunchScreen.storyboard */; };
		56444DFE24599FDF00BB6BAE /* FamilyBalanceTests.swift in Sources */ = {isa = PBXBuildFile; fileRef = 56444DFD24599FDF00BB6BAE /* FamilyBalanceTests.swift */; };
		56444E0924599FDF00BB6BAE /* FamilyBalanceUITests.swift in Sources */ = {isa = PBXBuildFile; fileRef = 56444E0824599FDF00BB6BAE /* FamilyBalanceUITests.swift */; };
		567086B52465888000CD2E2A /* CostsViewModel.swift in Sources */ = {isa = PBXBuildFile; fileRef = 567086B42465888000CD2E2A /* CostsViewModel.swift */; };
		567086B82465890200CD2E2A /* CostsCoordinator.swift in Sources */ = {isa = PBXBuildFile; fileRef = 567086B72465890200CD2E2A /* CostsCoordinator.swift */; };
		567086BE2465ABEA00CD2E2A /* Costs.storyboard in Resources */ = {isa = PBXBuildFile; fileRef = 567086BD2465ABEA00CD2E2A /* Costs.storyboard */; };
		5673755D245D70C100DD02FB /* SignInViewModel.swift in Sources */ = {isa = PBXBuildFile; fileRef = 5673755C245D70C100DD02FB /* SignInViewModel.swift */; };
		5673755F245D8CB300DD02FB /* LoginModel.swift in Sources */ = {isa = PBXBuildFile; fileRef = 5673755E245D8CB300DD02FB /* LoginModel.swift */; };
		5673DD6E24602AC50004EB12 /* AppRepository.swift in Sources */ = {isa = PBXBuildFile; fileRef = 5673DD6D24602AC50004EB12 /* AppRepository.swift */; };
		567E1E3B246ACAFA00C50217 /* SignInView.swift in Sources */ = {isa = PBXBuildFile; fileRef = 567E1E3A246ACAFA00C50217 /* SignInView.swift */; };
		567E1E3D246AF9B000C50217 /* FafilyBalanseApiClient.swift in Sources */ = {isa = PBXBuildFile; fileRef = 567E1E3C246AF9B000C50217 /* FafilyBalanseApiClient.swift */; };
		567E1E3F246B01C400C50217 /* Keys.swift in Sources */ = {isa = PBXBuildFile; fileRef = 567E1E3E246B01C400C50217 /* Keys.swift */; };
		56816486246ED9EF00BAAABF /* CostsView.swift in Sources */ = {isa = PBXBuildFile; fileRef = 56816485246ED9EF00BAAABF /* CostsView.swift */; };
		56816488246EE0CE00BAAABF /* UIImage + scaleTo.swift in Sources */ = {isa = PBXBuildFile; fileRef = 56816487246EE0CE00BAAABF /* UIImage + scaleTo.swift */; };
		5681648C246EF4F000BAAABF /* Filters.storyboard in Resources */ = {isa = PBXBuildFile; fileRef = 5681648B246EF4F000BAAABF /* Filters.storyboard */; };
		5681648E246EF50300BAAABF /* FiltersViewController.swift in Sources */ = {isa = PBXBuildFile; fileRef = 5681648D246EF50300BAAABF /* FiltersViewController.swift */; };
		56816490246EF53500BAAABF /* FiltersView.swift in Sources */ = {isa = PBXBuildFile; fileRef = 5681648F246EF53500BAAABF /* FiltersView.swift */; };
		56816492246EF54500BAAABF /* FiltersViewModel.swift in Sources */ = {isa = PBXBuildFile; fileRef = 56816491246EF54500BAAABF /* FiltersViewModel.swift */; };
		56816494246EF55E00BAAABF /* FiltersCoordinator.swift in Sources */ = {isa = PBXBuildFile; fileRef = 56816493246EF55E00BAAABF /* FiltersCoordinator.swift */; };
		568164962472AFF200BAAABF /* Category.swift in Sources */ = {isa = PBXBuildFile; fileRef = 568164952472AFF200BAAABF /* Category.swift */; };
		568164982472B0F100BAAABF /* Operation.swift in Sources */ = {isa = PBXBuildFile; fileRef = 568164972472B0F100BAAABF /* Operation.swift */; };
		5681649B2472B23C00BAAABF /* CategoryViewModel.swift in Sources */ = {isa = PBXBuildFile; fileRef = 5681649A2472B23C00BAAABF /* CategoryViewModel.swift */; };
		568164A12472CF1C00BAAABF /* CostTableViewCell.swift in Sources */ = {isa = PBXBuildFile; fileRef = 5681649F2472CF1C00BAAABF /* CostTableViewCell.swift */; };
		568164A22472CF1C00BAAABF /* CostTableViewCell.xib in Resources */ = {isa = PBXBuildFile; fileRef = 568164A02472CF1C00BAAABF /* CostTableViewCell.xib */; };
		568164A42472DF3000BAAABF /* ReusableView.swift in Sources */ = {isa = PBXBuildFile; fileRef = 568164A32472DF3000BAAABF /* ReusableView.swift */; };
		568164A62472E2D300BAAABF /* CostsTableViewProvider.swift in Sources */ = {isa = PBXBuildFile; fileRef = 568164A52472E2D300BAAABF /* CostsTableViewProvider.swift */; };
		568164AA2472E44500BAAABF /* TableViewProvider.swift in Sources */ = {isa = PBXBuildFile; fileRef = 568164A92472E44500BAAABF /* TableViewProvider.swift */; };
		5682B80F2473CEA0002E2186 /* CostsPieChartHeaderView.swift in Sources */ = {isa = PBXBuildFile; fileRef = 5682B80E2473CEA0002E2186 /* CostsPieChartHeaderView.swift */; };
		5682B8122473CEC1002E2186 /* CostsPieChartHeaderView.xib in Resources */ = {isa = PBXBuildFile; fileRef = 5682B8112473CEC1002E2186 /* CostsPieChartHeaderView.xib */; };
		56AADA12246C38B100B2CC8F /* CoreDataClient.swift in Sources */ = {isa = PBXBuildFile; fileRef = 56AADA11246C38B100B2CC8F /* CoreDataClient.swift */; };
		56AADA14246C3BFB00B2CC8F /* BaseCoordirator.swift in Sources */ = {isa = PBXBuildFile; fileRef = 56AADA13246C3BFB00B2CC8F /* BaseCoordirator.swift */; };
		56AADA17246C4A9700B2CC8F /* SignUp.storyboard in Resources */ = {isa = PBXBuildFile; fileRef = 56AADA16246C4A9700B2CC8F /* SignUp.storyboard */; };
		56AADA19246C4AB600B2CC8F /* CignUpViewController.swift in Sources */ = {isa = PBXBuildFile; fileRef = 56AADA18246C4AB600B2CC8F /* CignUpViewController.swift */; };
		56AADA1B246C4AD100B2CC8F /* SignUpView.swift in Sources */ = {isa = PBXBuildFile; fileRef = 56AADA1A246C4AD100B2CC8F /* SignUpView.swift */; };
		56AADA1D246C4AE900B2CC8F /* SignUpViewModel.swift in Sources */ = {isa = PBXBuildFile; fileRef = 56AADA1C246C4AE900B2CC8F /* SignUpViewModel.swift */; };
		56AADA1F246C4B4600B2CC8F /* SignUpCoordinator.swift in Sources */ = {isa = PBXBuildFile; fileRef = 56AADA1E246C4B4600B2CC8F /* SignUpCoordinator.swift */; };
		56C5A29F246430DF00CE5602 /* LoadingView.swift in Sources */ = {isa = PBXBuildFile; fileRef = 56C5A29E246430DF00CE5602 /* LoadingView.swift */; };
		56C5A2A1246430F500CE5602 /* LoadingView.xib in Resources */ = {isa = PBXBuildFile; fileRef = 56C5A2A0246430F500CE5602 /* LoadingView.xib */; };
		56C5A2A32464696900CE5602 /* MainCoordinator.swift in Sources */ = {isa = PBXBuildFile; fileRef = 56C5A2A22464696900CE5602 /* MainCoordinator.swift */; };
		56EB9B992461C73F002F815B /* BlueStrokeTextField.swift in Sources */ = {isa = PBXBuildFile; fileRef = 56EB9B982461C73F002F815B /* BlueStrokeTextField.swift */; };
		56EB9BBA2463FAE6002F815B /* CostsViewController.swift in Sources */ = {isa = PBXBuildFile; fileRef = 56EB9BB92463FAE6002F815B /* CostsViewController.swift */; };
		56EB9BBC2463FB10002F815B /* Main.storyboard in Resources */ = {isa = PBXBuildFile; fileRef = 56EB9BBB2463FB10002F815B /* Main.storyboard */; };
		56EB9BBE2463FC89002F815B /* AppCoordinator.swift in Sources */ = {isa = PBXBuildFile; fileRef = 56EB9BBD2463FC89002F815B /* AppCoordinator.swift */; };
		56EB9BC224640A29002F815B /* Storyboard+instantiate.swift in Sources */ = {isa = PBXBuildFile; fileRef = 56EB9BC124640A29002F815B /* Storyboard+instantiate.swift */; };
		56EB9BC424640E48002F815B /* SignInCoordinator.swift in Sources */ = {isa = PBXBuildFile; fileRef = 56EB9BC324640E48002F815B /* SignInCoordinator.swift */; };
		93BB9012EE610490EC457749 /* libPods-FamilyBalanceTests.a in Frameworks */ = {isa = PBXBuildFile; fileRef = 79C2BFAE1FD0351DD6FA3095 /* libPods-FamilyBalanceTests.a */; };
		DD4FAA1F42504B043D97FB56 /* libPods-FamilyBalance.a in Frameworks */ = {isa = PBXBuildFile; fileRef = B57D9B5BC9FF79A225A6425A /* libPods-FamilyBalance.a */; };
/* End PBXBuildFile section */

/* Begin PBXContainerItemProxy section */
		56444DFA24599FDF00BB6BAE /* PBXContainerItemProxy */ = {
			isa = PBXContainerItemProxy;
			containerPortal = 56444DD824599FDD00BB6BAE /* Project object */;
			proxyType = 1;
			remoteGlobalIDString = 56444DDF24599FDD00BB6BAE;
			remoteInfo = FamilyBalance;
		};
		56444E0524599FDF00BB6BAE /* PBXContainerItemProxy */ = {
			isa = PBXContainerItemProxy;
			containerPortal = 56444DD824599FDD00BB6BAE /* Project object */;
			proxyType = 1;
			remoteGlobalIDString = 56444DDF24599FDD00BB6BAE;
			remoteInfo = FamilyBalance;
		};
/* End PBXContainerItemProxy section */

/* Begin PBXFileReference section */
		07EFD6E96F6A8D2351747E70 /* Pods-FamilyBalanceTests.debug.xcconfig */ = {isa = PBXFileReference; includeInIndex = 1; lastKnownFileType = text.xcconfig; name = "Pods-FamilyBalanceTests.debug.xcconfig"; path = "Target Support Files/Pods-FamilyBalanceTests/Pods-FamilyBalanceTests.debug.xcconfig"; sourceTree = "<group>"; };
		208D4E0B15A693C18A3339B5 /* Pods-FamilyBalance-FamilyBalanceUITests.debug.xcconfig */ = {isa = PBXFileReference; includeInIndex = 1; lastKnownFileType = text.xcconfig; name = "Pods-FamilyBalance-FamilyBalanceUITests.debug.xcconfig"; path = "Target Support Files/Pods-FamilyBalance-FamilyBalanceUITests/Pods-FamilyBalance-FamilyBalanceUITests.debug.xcconfig"; sourceTree = "<group>"; };
		31D2517A6F6B548CBD590050 /* libPods-FamilyBalance-FamilyBalanceUITests.a */ = {isa = PBXFileReference; explicitFileType = archive.ar; includeInIndex = 0; path = "libPods-FamilyBalance-FamilyBalanceUITests.a"; sourceTree = BUILT_PRODUCTS_DIR; };
		5618417F246C6261006BF368 /* Operations.storyboard */ = {isa = PBXFileReference; lastKnownFileType = file.storyboard; path = Operations.storyboard; sourceTree = "<group>"; };
		56184181246C62AC006BF368 /* OperationsViewController.swift */ = {isa = PBXFileReference; lastKnownFileType = sourcecode.swift; path = OperationsViewController.swift; sourceTree = "<group>"; };
		56184183246C637E006BF368 /* OperationsCoordinator.swift */ = {isa = PBXFileReference; lastKnownFileType = sourcecode.swift; path = OperationsCoordinator.swift; sourceTree = "<group>"; };
		56184185246C6527006BF368 /* OperationsView.swift */ = {isa = PBXFileReference; lastKnownFileType = sourcecode.swift; path = OperationsView.swift; sourceTree = "<group>"; };
		56184187246C655E006BF368 /* OperationsViewModel.swift */ = {isa = PBXFileReference; lastKnownFileType = sourcecode.swift; path = OperationsViewModel.swift; sourceTree = "<group>"; };
		5618418E246D7899006BF368 /* AuthBackView.swift */ = {isa = PBXFileReference; lastKnownFileType = sourcecode.swift; path = AuthBackView.swift; sourceTree = "<group>"; };
		56184190246D7D1B006BF368 /* AppSizes.swift */ = {isa = PBXFileReference; lastKnownFileType = sourcecode.swift; path = AppSizes.swift; sourceTree = "<group>"; };
		56184192246D7FBE006BF368 /* AppColors.swift */ = {isa = PBXFileReference; lastKnownFileType = sourcecode.swift; path = AppColors.swift; sourceTree = "<group>"; };
		56184196246D8702006BF368 /* BlueRoundedButton.swift */ = {isa = PBXFileReference; lastKnownFileType = sourcecode.swift; path = BlueRoundedButton.swift; sourceTree = "<group>"; };
		56184198246D8F10006BF368 /* UIViewController + dismissKeyboard.swift */ = {isa = PBXFileReference; lastKnownFileType = sourcecode.swift; path = "UIViewController + dismissKeyboard.swift"; sourceTree = "<group>"; };
		56214F50246569C7000CE0BD /* CoordinatorProtocols.swift */ = {isa = PBXFileReference; lastKnownFileType = sourcecode.swift; path = CoordinatorProtocols.swift; sourceTree = "<group>"; };
		56444DE024599FDD00BB6BAE /* FamilyBalance.app */ = {isa = PBXFileReference; explicitFileType = wrapper.application; includeInIndex = 0; path = FamilyBalance.app; sourceTree = BUILT_PRODUCTS_DIR; };
		56444DE324599FDD00BB6BAE /* AppDelegate.swift */ = {isa = PBXFileReference; lastKnownFileType = sourcecode.swift; path = AppDelegate.swift; sourceTree = "<group>"; };
		56444DE524599FDD00BB6BAE /* SceneDelegate.swift */ = {isa = PBXFileReference; lastKnownFileType = sourcecode.swift; path = SceneDelegate.swift; sourceTree = "<group>"; };
		56444DE724599FDD00BB6BAE /* SignInViewController.swift */ = {isa = PBXFileReference; lastKnownFileType = sourcecode.swift; path = SignInViewController.swift; sourceTree = "<group>"; };
		56444DEA24599FDD00BB6BAE /* Base */ = {isa = PBXFileReference; lastKnownFileType = file.storyboard; name = Base; path = Base.lproj/SignIn.storyboard; sourceTree = "<group>"; };
		56444DED24599FDD00BB6BAE /* FamilyBalance.xcdatamodel */ = {isa = PBXFileReference; lastKnownFileType = wrapper.xcdatamodel; path = FamilyBalance.xcdatamodel; sourceTree = "<group>"; };
		56444DEF24599FDF00BB6BAE /* Assets.xcassets */ = {isa = PBXFileReference; lastKnownFileType = folder.assetcatalog; path = Assets.xcassets; sourceTree = "<group>"; };
		56444DF224599FDF00BB6BAE /* Base */ = {isa = PBXFileReference; lastKnownFileType = file.storyboard; name = Base; path = Base.lproj/LaunchScreen.storyboard; sourceTree = "<group>"; };
		56444DF424599FDF00BB6BAE /* Info.plist */ = {isa = PBXFileReference; lastKnownFileType = text.plist.xml; path = Info.plist; sourceTree = "<group>"; };
		56444DF924599FDF00BB6BAE /* FamilyBalanceTests.xctest */ = {isa = PBXFileReference; explicitFileType = wrapper.cfbundle; includeInIndex = 0; path = FamilyBalanceTests.xctest; sourceTree = BUILT_PRODUCTS_DIR; };
		56444DFD24599FDF00BB6BAE /* FamilyBalanceTests.swift */ = {isa = PBXFileReference; lastKnownFileType = sourcecode.swift; path = FamilyBalanceTests.swift; sourceTree = "<group>"; };
		56444DFF24599FDF00BB6BAE /* Info.plist */ = {isa = PBXFileReference; lastKnownFileType = text.plist.xml; path = Info.plist; sourceTree = "<group>"; };
		56444E0424599FDF00BB6BAE /* FamilyBalanceUITests.xctest */ = {isa = PBXFileReference; explicitFileType = wrapper.cfbundle; includeInIndex = 0; path = FamilyBalanceUITests.xctest; sourceTree = BUILT_PRODUCTS_DIR; };
		56444E0824599FDF00BB6BAE /* FamilyBalanceUITests.swift */ = {isa = PBXFileReference; lastKnownFileType = sourcecode.swift; path = FamilyBalanceUITests.swift; sourceTree = "<group>"; };
		56444E0A24599FDF00BB6BAE /* Info.plist */ = {isa = PBXFileReference; lastKnownFileType = text.plist.xml; path = Info.plist; sourceTree = "<group>"; };
		567086B42465888000CD2E2A /* CostsViewModel.swift */ = {isa = PBXFileReference; lastKnownFileType = sourcecode.swift; path = CostsViewModel.swift; sourceTree = "<group>"; };
		567086B72465890200CD2E2A /* CostsCoordinator.swift */ = {isa = PBXFileReference; lastKnownFileType = sourcecode.swift; path = CostsCoordinator.swift; sourceTree = "<group>"; };
		567086BD2465ABEA00CD2E2A /* Costs.storyboard */ = {isa = PBXFileReference; lastKnownFileType = file.storyboard; path = Costs.storyboard; sourceTree = "<group>"; };
		5673755C245D70C100DD02FB /* SignInViewModel.swift */ = {isa = PBXFileReference; lastKnownFileType = sourcecode.swift; path = SignInViewModel.swift; sourceTree = "<group>"; };
		5673755E245D8CB300DD02FB /* LoginModel.swift */ = {isa = PBXFileReference; lastKnownFileType = sourcecode.swift; path = LoginModel.swift; sourceTree = "<group>"; };
		5673DD6D24602AC50004EB12 /* AppRepository.swift */ = {isa = PBXFileReference; lastKnownFileType = sourcecode.swift; path = AppRepository.swift; sourceTree = "<group>"; };
		567E1E3A246ACAFA00C50217 /* SignInView.swift */ = {isa = PBXFileReference; lastKnownFileType = sourcecode.swift; path = SignInView.swift; sourceTree = "<group>"; };
		567E1E3C246AF9B000C50217 /* FafilyBalanseApiClient.swift */ = {isa = PBXFileReference; lastKnownFileType = sourcecode.swift; path = FafilyBalanseApiClient.swift; sourceTree = "<group>"; };
		567E1E3E246B01C400C50217 /* Keys.swift */ = {isa = PBXFileReference; lastKnownFileType = sourcecode.swift; path = Keys.swift; sourceTree = "<group>"; };
		56816485246ED9EF00BAAABF /* CostsView.swift */ = {isa = PBXFileReference; lastKnownFileType = sourcecode.swift; path = CostsView.swift; sourceTree = "<group>"; };
		56816487246EE0CE00BAAABF /* UIImage + scaleTo.swift */ = {isa = PBXFileReference; lastKnownFileType = sourcecode.swift; path = "UIImage + scaleTo.swift"; sourceTree = "<group>"; };
		5681648B246EF4F000BAAABF /* Filters.storyboard */ = {isa = PBXFileReference; lastKnownFileType = file.storyboard; path = Filters.storyboard; sourceTree = "<group>"; };
		5681648D246EF50300BAAABF /* FiltersViewController.swift */ = {isa = PBXFileReference; lastKnownFileType = sourcecode.swift; path = FiltersViewController.swift; sourceTree = "<group>"; };
		5681648F246EF53500BAAABF /* FiltersView.swift */ = {isa = PBXFileReference; lastKnownFileType = sourcecode.swift; path = FiltersView.swift; sourceTree = "<group>"; };
		56816491246EF54500BAAABF /* FiltersViewModel.swift */ = {isa = PBXFileReference; lastKnownFileType = sourcecode.swift; path = FiltersViewModel.swift; sourceTree = "<group>"; };
		56816493246EF55E00BAAABF /* FiltersCoordinator.swift */ = {isa = PBXFileReference; lastKnownFileType = sourcecode.swift; path = FiltersCoordinator.swift; sourceTree = "<group>"; };
		568164952472AFF200BAAABF /* Category.swift */ = {isa = PBXFileReference; lastKnownFileType = sourcecode.swift; path = Category.swift; sourceTree = "<group>"; };
		568164972472B0F100BAAABF /* Operation.swift */ = {isa = PBXFileReference; lastKnownFileType = sourcecode.swift; path = Operation.swift; sourceTree = "<group>"; };
		5681649A2472B23C00BAAABF /* CategoryViewModel.swift */ = {isa = PBXFileReference; lastKnownFileType = sourcecode.swift; path = CategoryViewModel.swift; sourceTree = "<group>"; };
		5681649F2472CF1C00BAAABF /* CostTableViewCell.swift */ = {isa = PBXFileReference; lastKnownFileType = sourcecode.swift; path = CostTableViewCell.swift; sourceTree = "<group>"; };
		568164A02472CF1C00BAAABF /* CostTableViewCell.xib */ = {isa = PBXFileReference; lastKnownFileType = file.xib; path = CostTableViewCell.xib; sourceTree = "<group>"; };
		568164A32472DF3000BAAABF /* ReusableView.swift */ = {isa = PBXFileReference; lastKnownFileType = sourcecode.swift; path = ReusableView.swift; sourceTree = "<group>"; };
		568164A52472E2D300BAAABF /* CostsTableViewProvider.swift */ = {isa = PBXFileReference; lastKnownFileType = sourcecode.swift; path = CostsTableViewProvider.swift; sourceTree = "<group>"; };
		568164A92472E44500BAAABF /* TableViewProvider.swift */ = {isa = PBXFileReference; lastKnownFileType = sourcecode.swift; path = TableViewProvider.swift; sourceTree = "<group>"; };
		5682B80E2473CEA0002E2186 /* CostsPieChartHeaderView.swift */ = {isa = PBXFileReference; lastKnownFileType = sourcecode.swift; path = CostsPieChartHeaderView.swift; sourceTree = "<group>"; };
		5682B8112473CEC1002E2186 /* CostsPieChartHeaderView.xib */ = {isa = PBXFileReference; lastKnownFileType = file.xib; path = CostsPieChartHeaderView.xib; sourceTree = "<group>"; };
		56AADA11246C38B100B2CC8F /* CoreDataClient.swift */ = {isa = PBXFileReference; lastKnownFileType = sourcecode.swift; path = CoreDataClient.swift; sourceTree = "<group>"; };
		56AADA13246C3BFB00B2CC8F /* BaseCoordirator.swift */ = {isa = PBXFileReference; lastKnownFileType = sourcecode.swift; path = BaseCoordirator.swift; sourceTree = "<group>"; };
		56AADA16246C4A9700B2CC8F /* SignUp.storyboard */ = {isa = PBXFileReference; lastKnownFileType = file.storyboard; path = SignUp.storyboard; sourceTree = "<group>"; };
		56AADA18246C4AB600B2CC8F /* CignUpViewController.swift */ = {isa = PBXFileReference; lastKnownFileType = sourcecode.swift; path = CignUpViewController.swift; sourceTree = "<group>"; };
		56AADA1A246C4AD100B2CC8F /* SignUpView.swift */ = {isa = PBXFileReference; lastKnownFileType = sourcecode.swift; path = SignUpView.swift; sourceTree = "<group>"; };
		56AADA1C246C4AE900B2CC8F /* SignUpViewModel.swift */ = {isa = PBXFileReference; lastKnownFileType = sourcecode.swift; path = SignUpViewModel.swift; sourceTree = "<group>"; };
		56AADA1E246C4B4600B2CC8F /* SignUpCoordinator.swift */ = {isa = PBXFileReference; lastKnownFileType = sourcecode.swift; path = SignUpCoordinator.swift; sourceTree = "<group>"; };
		56C5A29E246430DF00CE5602 /* LoadingView.swift */ = {isa = PBXFileReference; lastKnownFileType = sourcecode.swift; path = LoadingView.swift; sourceTree = "<group>"; };
		56C5A2A0246430F500CE5602 /* LoadingView.xib */ = {isa = PBXFileReference; lastKnownFileType = file.xib; path = LoadingView.xib; sourceTree = "<group>"; };
		56C5A2A22464696900CE5602 /* MainCoordinator.swift */ = {isa = PBXFileReference; lastKnownFileType = sourcecode.swift; path = MainCoordinator.swift; sourceTree = "<group>"; };
		56EB9B982461C73F002F815B /* BlueStrokeTextField.swift */ = {isa = PBXFileReference; lastKnownFileType = sourcecode.swift; path = BlueStrokeTextField.swift; sourceTree = "<group>"; };
		56EB9BB92463FAE6002F815B /* CostsViewController.swift */ = {isa = PBXFileReference; lastKnownFileType = sourcecode.swift; path = CostsViewController.swift; sourceTree = "<group>"; };
		56EB9BBB2463FB10002F815B /* Main.storyboard */ = {isa = PBXFileReference; lastKnownFileType = file.storyboard; path = Main.storyboard; sourceTree = "<group>"; };
		56EB9BBD2463FC89002F815B /* AppCoordinator.swift */ = {isa = PBXFileReference; lastKnownFileType = sourcecode.swift; path = AppCoordinator.swift; sourceTree = "<group>"; };
		56EB9BC124640A29002F815B /* Storyboard+instantiate.swift */ = {isa = PBXFileReference; lastKnownFileType = sourcecode.swift; path = "Storyboard+instantiate.swift"; sourceTree = "<group>"; };
		56EB9BC324640E48002F815B /* SignInCoordinator.swift */ = {isa = PBXFileReference; lastKnownFileType = sourcecode.swift; path = SignInCoordinator.swift; sourceTree = "<group>"; };
		66EDDF4F16F91E530F3F6374 /* Pods-FamilyBalance.debug.xcconfig */ = {isa = PBXFileReference; includeInIndex = 1; lastKnownFileType = text.xcconfig; name = "Pods-FamilyBalance.debug.xcconfig"; path = "Target Support Files/Pods-FamilyBalance/Pods-FamilyBalance.debug.xcconfig"; sourceTree = "<group>"; };
		693C8FB37394743FB359AA70 /* Pods-FamilyBalance.release.xcconfig */ = {isa = PBXFileReference; includeInIndex = 1; lastKnownFileType = text.xcconfig; name = "Pods-FamilyBalance.release.xcconfig"; path = "Target Support Files/Pods-FamilyBalance/Pods-FamilyBalance.release.xcconfig"; sourceTree = "<group>"; };
		79C2BFAE1FD0351DD6FA3095 /* libPods-FamilyBalanceTests.a */ = {isa = PBXFileReference; explicitFileType = archive.ar; includeInIndex = 0; path = "libPods-FamilyBalanceTests.a"; sourceTree = BUILT_PRODUCTS_DIR; };
		B57D9B5BC9FF79A225A6425A /* libPods-FamilyBalance.a */ = {isa = PBXFileReference; explicitFileType = archive.ar; includeInIndex = 0; path = "libPods-FamilyBalance.a"; sourceTree = BUILT_PRODUCTS_DIR; };
		C057956AD55515964544265F /* Pods-FamilyBalanceTests.release.xcconfig */ = {isa = PBXFileReference; includeInIndex = 1; lastKnownFileType = text.xcconfig; name = "Pods-FamilyBalanceTests.release.xcconfig"; path = "Target Support Files/Pods-FamilyBalanceTests/Pods-FamilyBalanceTests.release.xcconfig"; sourceTree = "<group>"; };
		F2EA8DF074B5AB89016FF794 /* Pods-FamilyBalance-FamilyBalanceUITests.release.xcconfig */ = {isa = PBXFileReference; includeInIndex = 1; lastKnownFileType = text.xcconfig; name = "Pods-FamilyBalance-FamilyBalanceUITests.release.xcconfig"; path = "Target Support Files/Pods-FamilyBalance-FamilyBalanceUITests/Pods-FamilyBalance-FamilyBalanceUITests.release.xcconfig"; sourceTree = "<group>"; };
/* End PBXFileReference section */

/* Begin PBXFrameworksBuildPhase section */
		56444DDD24599FDD00BB6BAE /* Frameworks */ = {
			isa = PBXFrameworksBuildPhase;
			buildActionMask = 2147483647;
			files = (
				DD4FAA1F42504B043D97FB56 /* libPods-FamilyBalance.a in Frameworks */,
			);
			runOnlyForDeploymentPostprocessing = 0;
		};
		56444DF624599FDF00BB6BAE /* Frameworks */ = {
			isa = PBXFrameworksBuildPhase;
			buildActionMask = 2147483647;
			files = (
				93BB9012EE610490EC457749 /* libPods-FamilyBalanceTests.a in Frameworks */,
			);
			runOnlyForDeploymentPostprocessing = 0;
		};
		56444E0124599FDF00BB6BAE /* Frameworks */ = {
			isa = PBXFrameworksBuildPhase;
			buildActionMask = 2147483647;
			files = (
				4BEFA0F91B78086FC19BD1F8 /* libPods-FamilyBalance-FamilyBalanceUITests.a in Frameworks */,
			);
			runOnlyForDeploymentPostprocessing = 0;
		};
/* End PBXFrameworksBuildPhase section */

/* Begin PBXGroup section */
		0EEC03B2FD9218EE472E99BC /* Frameworks */ = {
			isa = PBXGroup;
			children = (
				B57D9B5BC9FF79A225A6425A /* libPods-FamilyBalance.a */,
				31D2517A6F6B548CBD590050 /* libPods-FamilyBalance-FamilyBalanceUITests.a */,
				79C2BFAE1FD0351DD6FA3095 /* libPods-FamilyBalanceTests.a */,
			);
			name = Frameworks;
			sourceTree = "<group>";
		};
		5618417E246C6202006BF368 /* Operations */ = {
			isa = PBXGroup;
			children = (
				5618417F246C6261006BF368 /* Operations.storyboard */,
				56184181246C62AC006BF368 /* OperationsViewController.swift */,
				56184185246C6527006BF368 /* OperationsView.swift */,
				56184187246C655E006BF368 /* OperationsViewModel.swift */,
				56184183246C637E006BF368 /* OperationsCoordinator.swift */,
			);
			path = Operations;
			sourceTree = "<group>";
		};
		56184189246C6DE0006BF368 /* Profile */ = {
			isa = PBXGroup;
			children = (
			);
			path = Profile;
			sourceTree = "<group>";
		};
		5618418A246D491F006BF368 /* UIColor */ = {
			isa = PBXGroup;
			children = (
			);
			path = UIColor;
			sourceTree = "<group>";
		};
		5618418B246D492D006BF368 /* UIStoryboard */ = {
			isa = PBXGroup;
			children = (
				56EB9BC124640A29002F815B /* Storyboard+instantiate.swift */,
			);
			path = UIStoryboard;
			sourceTree = "<group>";
		};
		5618418C246D4A23006BF368 /* Resources */ = {
			isa = PBXGroup;
			children = (
				56444DEF24599FDF00BB6BAE /* Assets.xcassets */,
				56444DF424599FDF00BB6BAE /* Info.plist */,
			);
			path = Resources;
			sourceTree = "<group>";
		};
		5618418D246D4AAB006BF368 /* Common */ = {
			isa = PBXGroup;
			children = (
				56184190246D7D1B006BF368 /* AppSizes.swift */,
				56184192246D7FBE006BF368 /* AppColors.swift */,
				56EB9BC5246416AF002F815B /* Coordinator */,
				56184195246D8692006BF368 /* Button */,
				56184194246D8457006BF368 /* TextField */,
				56EB9B9A2462B744002F815B /* View */,
			);
			path = Common;
			sourceTree = "<group>";
		};
		56184194246D8457006BF368 /* TextField */ = {
			isa = PBXGroup;
			children = (
				56EB9B982461C73F002F815B /* BlueStrokeTextField.swift */,
			);
			path = TextField;
			sourceTree = "<group>";
		};
		56184195246D8692006BF368 /* Button */ = {
			isa = PBXGroup;
			children = (
				56184196246D8702006BF368 /* BlueRoundedButton.swift */,
			);
			path = Button;
			sourceTree = "<group>";
		};
		5618419A246E986D006BF368 /* UIViewController */ = {
			isa = PBXGroup;
			children = (
				56184198246D8F10006BF368 /* UIViewController + dismissKeyboard.swift */,
			);
			path = UIViewController;
			sourceTree = "<group>";
		};
		56444DD724599FDD00BB6BAE = {
			isa = PBXGroup;
			children = (
				56444DE224599FDD00BB6BAE /* FamilyBalance */,
				56444DFC24599FDF00BB6BAE /* FamilyBalanceTests */,
				56444E0724599FDF00BB6BAE /* FamilyBalanceUITests */,
				56444DE124599FDD00BB6BAE /* Products */,
				DD492D5FF358CA70EC3CC168 /* Pods */,
				0EEC03B2FD9218EE472E99BC /* Frameworks */,
			);
			sourceTree = "<group>";
		};
		56444DE124599FDD00BB6BAE /* Products */ = {
			isa = PBXGroup;
			children = (
				56444DE024599FDD00BB6BAE /* FamilyBalance.app */,
				56444DF924599FDF00BB6BAE /* FamilyBalanceTests.xctest */,
				56444E0424599FDF00BB6BAE /* FamilyBalanceUITests.xctest */,
			);
			name = Products;
			sourceTree = "<group>";
		};
		56444DE224599FDD00BB6BAE /* FamilyBalance */ = {
			isa = PBXGroup;
			children = (
				567E1E3E246B01C400C50217 /* Keys.swift */,
				56EB9B9D2462B8C0002F815B /* Application */,
				567E1E39246AC2E000C50217 /* Repository */,
				56C5A2A5246562D300CE5602 /* Screen */,
				568164A82472E41700BAAABF /* Protocols */,
				56EB9B9C2462B89F002F815B /* Extention */,
				56EB9B9B2462B75C002F815B /* Model */,
				5618418D246D4AAB006BF368 /* Common */,
				5618418C246D4A23006BF368 /* Resources */,
			);
			path = FamilyBalance;
			sourceTree = "<group>";
		};
		56444DFC24599FDF00BB6BAE /* FamilyBalanceTests */ = {
			isa = PBXGroup;
			children = (
				56444DFD24599FDF00BB6BAE /* FamilyBalanceTests.swift */,
				56444DFF24599FDF00BB6BAE /* Info.plist */,
			);
			path = FamilyBalanceTests;
			sourceTree = "<group>";
		};
		56444E0724599FDF00BB6BAE /* FamilyBalanceUITests */ = {
			isa = PBXGroup;
			children = (
				56444E0824599FDF00BB6BAE /* FamilyBalanceUITests.swift */,
				56444E0A24599FDF00BB6BAE /* Info.plist */,
			);
			path = FamilyBalanceUITests;
			sourceTree = "<group>";
		};
		567086B6246588B400CD2E2A /* Costs */ = {
			isa = PBXGroup;
			children = (
				567086BD2465ABEA00CD2E2A /* Costs.storyboard */,
				56EB9BB92463FAE6002F815B /* CostsViewController.swift */,
				567086B42465888000CD2E2A /* CostsViewModel.swift */,
				56816485246ED9EF00BAAABF /* CostsView.swift */,
				567086B72465890200CD2E2A /* CostsCoordinator.swift */,
				568164A72472E34700BAAABF /* CostsTableView */,
			);
			path = Costs;
			sourceTree = "<group>";
		};
		5673755B245D700700DD02FB /* SignIn */ = {
			isa = PBXGroup;
			children = (
				56444DE924599FDD00BB6BAE /* SignIn.storyboard */,
				56444DE724599FDD00BB6BAE /* SignInViewController.swift */,
				567E1E3A246ACAFA00C50217 /* SignInView.swift */,
				5673755C245D70C100DD02FB /* SignInViewModel.swift */,
				56EB9BC324640E48002F815B /* SignInCoordinator.swift */,
			);
			path = SignIn;
			sourceTree = "<group>";
		};
		567E1E39246AC2E000C50217 /* Repository */ = {
			isa = PBXGroup;
			children = (
				5673DD6D24602AC50004EB12 /* AppRepository.swift */,
				56AADA11246C38B100B2CC8F /* CoreDataClient.swift */,
				567E1E3C246AF9B000C50217 /* FafilyBalanseApiClient.swift */,
				56444DEC24599FDD00BB6BAE /* FamilyBalance.xcdatamodeld */,
			);
			path = Repository;
			sourceTree = "<group>";
		};
		56816489246EE0E000BAAABF /* UIImage */ = {
			isa = PBXGroup;
			children = (
				56816487246EE0CE00BAAABF /* UIImage + scaleTo.swift */,
			);
			path = UIImage;
			sourceTree = "<group>";
		};
		5681648A246EEA8400BAAABF /* Filter */ = {
			isa = PBXGroup;
			children = (
				5681648B246EF4F000BAAABF /* Filters.storyboard */,
				5681648D246EF50300BAAABF /* FiltersViewController.swift */,
				56816491246EF54500BAAABF /* FiltersViewModel.swift */,
				5681648F246EF53500BAAABF /* FiltersView.swift */,
				56816493246EF55E00BAAABF /* FiltersCoordinator.swift */,
			);
			path = Filter;
			sourceTree = "<group>";
		};
		568164992472B21400BAAABF /* ViewModel */ = {
			isa = PBXGroup;
			children = (
				5681649A2472B23C00BAAABF /* CategoryViewModel.swift */,
			);
			path = ViewModel;
			sourceTree = "<group>";
		};
		5681649C2472CEB700BAAABF /* Cell */ = {
			isa = PBXGroup;
			children = (
				5681649F2472CF1C00BAAABF /* CostTableViewCell.swift */,
				568164A02472CF1C00BAAABF /* CostTableViewCell.xib */,
			);
			path = Cell;
			sourceTree = "<group>";
		};
		568164A72472E34700BAAABF /* CostsTableView */ = {
			isa = PBXGroup;
			children = (
				568164A52472E2D300BAAABF /* CostsTableViewProvider.swift */,
				5682B8102473CEA9002E2186 /* ChartHeader */,
				5681649C2472CEB700BAAABF /* Cell */,
			);
			path = CostsTableView;
			sourceTree = "<group>";
		};
		568164A82472E41700BAAABF /* Protocols */ = {
			isa = PBXGroup;
			children = (
				568164A92472E44500BAAABF /* TableViewProvider.swift */,
			);
			path = Protocols;
			sourceTree = "<group>";
		};
		5682B8102473CEA9002E2186 /* ChartHeader */ = {
			isa = PBXGroup;
			children = (
				5682B80E2473CEA0002E2186 /* CostsPieChartHeaderView.swift */,
				5682B8112473CEC1002E2186 /* CostsPieChartHeaderView.xib */,
			);
			path = ChartHeader;
			sourceTree = "<group>";
		};
		56C5A2A5246562D300CE5602 /* Screen */ = {
			isa = PBXGroup;
			children = (
				5673755B245D700700DD02FB /* SignIn */,
				56C5A2A62465630700CE5602 /* SignUp */,
				56EB9BB82463FA94002F815B /* Main */,
			);
			path = Screen;
			sourceTree = "<group>";
		};
		56C5A2A62465630700CE5602 /* SignUp */ = {
			isa = PBXGroup;
			children = (
				56AADA16246C4A9700B2CC8F /* SignUp.storyboard */,
				56AADA18246C4AB600B2CC8F /* CignUpViewController.swift */,
				56AADA1A246C4AD100B2CC8F /* SignUpView.swift */,
				56AADA1C246C4AE900B2CC8F /* SignUpViewModel.swift */,
				56AADA1E246C4B4600B2CC8F /* SignUpCoordinator.swift */,
			);
			path = SignUp;
			sourceTree = "<group>";
		};
		56EB9B9A2462B744002F815B /* View */ = {
			isa = PBXGroup;
			children = (
				5618418E246D7899006BF368 /* AuthBackView.swift */,
				56C5A29E246430DF00CE5602 /* LoadingView.swift */,
				56C5A2A0246430F500CE5602 /* LoadingView.xib */,
			);
			path = View;
			sourceTree = "<group>";
		};
		56EB9B9B2462B75C002F815B /* Model */ = {
			isa = PBXGroup;
			children = (
				568164992472B21400BAAABF /* ViewModel */,
				5673755E245D8CB300DD02FB /* LoginModel.swift */,
				568164952472AFF200BAAABF /* Category.swift */,
				568164972472B0F100BAAABF /* Operation.swift */,
			);
			path = Model;
			sourceTree = "<group>";
		};
		56EB9B9C2462B89F002F815B /* Extention */ = {
			isa = PBXGroup;
			children = (
				568164A32472DF3000BAAABF /* ReusableView.swift */,
				5618418A246D491F006BF368 /* UIColor */,
				5618418B246D492D006BF368 /* UIStoryboard */,
				5618419A246E986D006BF368 /* UIViewController */,
				56816489246EE0E000BAAABF /* UIImage */,
			);
			path = Extention;
			sourceTree = "<group>";
		};
		56EB9B9D2462B8C0002F815B /* Application */ = {
			isa = PBXGroup;
			children = (
				56444DF124599FDF00BB6BAE /* LaunchScreen.storyboard */,
				56444DE324599FDD00BB6BAE /* AppDelegate.swift */,
				56444DE524599FDD00BB6BAE /* SceneDelegate.swift */,
			);
			path = Application;
			sourceTree = "<group>";
		};
		56EB9BB82463FA94002F815B /* Main */ = {
			isa = PBXGroup;
			children = (
				56EB9BBB2463FB10002F815B /* Main.storyboard */,
				56C5A2A22464696900CE5602 /* MainCoordinator.swift */,
				567086B6246588B400CD2E2A /* Costs */,
				5681648A246EEA8400BAAABF /* Filter */,
				5618417E246C6202006BF368 /* Operations */,
				56184189246C6DE0006BF368 /* Profile */,
			);
			path = Main;
			sourceTree = "<group>";
		};
		56EB9BC5246416AF002F815B /* Coordinator */ = {
			isa = PBXGroup;
			children = (
				56EB9BBD2463FC89002F815B /* AppCoordinator.swift */,
				56AADA13246C3BFB00B2CC8F /* BaseCoordirator.swift */,
				56214F50246569C7000CE0BD /* CoordinatorProtocols.swift */,
			);
			path = Coordinator;
			sourceTree = "<group>";
		};
		DD492D5FF358CA70EC3CC168 /* Pods */ = {
			isa = PBXGroup;
			children = (
				66EDDF4F16F91E530F3F6374 /* Pods-FamilyBalance.debug.xcconfig */,
				693C8FB37394743FB359AA70 /* Pods-FamilyBalance.release.xcconfig */,
				208D4E0B15A693C18A3339B5 /* Pods-FamilyBalance-FamilyBalanceUITests.debug.xcconfig */,
				F2EA8DF074B5AB89016FF794 /* Pods-FamilyBalance-FamilyBalanceUITests.release.xcconfig */,
				07EFD6E96F6A8D2351747E70 /* Pods-FamilyBalanceTests.debug.xcconfig */,
				C057956AD55515964544265F /* Pods-FamilyBalanceTests.release.xcconfig */,
			);
			path = Pods;
			sourceTree = "<group>";
		};
/* End PBXGroup section */

/* Begin PBXNativeTarget section */
		56444DDF24599FDD00BB6BAE /* FamilyBalance */ = {
			isa = PBXNativeTarget;
			buildConfigurationList = 56444E0D24599FDF00BB6BAE /* Build configuration list for PBXNativeTarget "FamilyBalance" */;
			buildPhases = (
				8795CF363990C28EEEE15EE3 /* [CP] Check Pods Manifest.lock */,
				56444DDC24599FDD00BB6BAE /* Sources */,
				56444DDD24599FDD00BB6BAE /* Frameworks */,
				56444DDE24599FDD00BB6BAE /* Resources */,
			);
			buildRules = (
			);
			dependencies = (
			);
			name = FamilyBalance;
			productName = FamilyBalance;
			productReference = 56444DE024599FDD00BB6BAE /* FamilyBalance.app */;
			productType = "com.apple.product-type.application";
		};
		56444DF824599FDF00BB6BAE /* FamilyBalanceTests */ = {
			isa = PBXNativeTarget;
			buildConfigurationList = 56444E1024599FDF00BB6BAE /* Build configuration list for PBXNativeTarget "FamilyBalanceTests" */;
			buildPhases = (
				E1B80721CD9404A185628CCF /* [CP] Check Pods Manifest.lock */,
				56444DF524599FDF00BB6BAE /* Sources */,
				56444DF624599FDF00BB6BAE /* Frameworks */,
				56444DF724599FDF00BB6BAE /* Resources */,
			);
			buildRules = (
			);
			dependencies = (
				56444DFB24599FDF00BB6BAE /* PBXTargetDependency */,
			);
			name = FamilyBalanceTests;
			productName = FamilyBalanceTests;
			productReference = 56444DF924599FDF00BB6BAE /* FamilyBalanceTests.xctest */;
			productType = "com.apple.product-type.bundle.unit-test";
		};
		56444E0324599FDF00BB6BAE /* FamilyBalanceUITests */ = {
			isa = PBXNativeTarget;
			buildConfigurationList = 56444E1324599FDF00BB6BAE /* Build configuration list for PBXNativeTarget "FamilyBalanceUITests" */;
			buildPhases = (
				838C2A2010E691E23598155B /* [CP] Check Pods Manifest.lock */,
				56444E0024599FDF00BB6BAE /* Sources */,
				56444E0124599FDF00BB6BAE /* Frameworks */,
				56444E0224599FDF00BB6BAE /* Resources */,
			);
			buildRules = (
			);
			dependencies = (
				56444E0624599FDF00BB6BAE /* PBXTargetDependency */,
			);
			name = FamilyBalanceUITests;
			productName = FamilyBalanceUITests;
			productReference = 56444E0424599FDF00BB6BAE /* FamilyBalanceUITests.xctest */;
			productType = "com.apple.product-type.bundle.ui-testing";
		};
/* End PBXNativeTarget section */

/* Begin PBXProject section */
		56444DD824599FDD00BB6BAE /* Project object */ = {
			isa = PBXProject;
			attributes = {
				LastSwiftUpdateCheck = 1140;
				LastUpgradeCheck = 1140;
				ORGANIZATIONNAME = GermanyHome;
				TargetAttributes = {
					56444DDF24599FDD00BB6BAE = {
						CreatedOnToolsVersion = 11.4;
					};
					56444DF824599FDF00BB6BAE = {
						CreatedOnToolsVersion = 11.4;
						TestTargetID = 56444DDF24599FDD00BB6BAE;
					};
					56444E0324599FDF00BB6BAE = {
						CreatedOnToolsVersion = 11.4;
						TestTargetID = 56444DDF24599FDD00BB6BAE;
					};
				};
			};
			buildConfigurationList = 56444DDB24599FDD00BB6BAE /* Build configuration list for PBXProject "FamilyBalance" */;
			compatibilityVersion = "Xcode 9.3";
			developmentRegion = en;
			hasScannedForEncodings = 0;
			knownRegions = (
				en,
				Base,
			);
			mainGroup = 56444DD724599FDD00BB6BAE;
			productRefGroup = 56444DE124599FDD00BB6BAE /* Products */;
			projectDirPath = "";
			projectRoot = "";
			targets = (
				56444DDF24599FDD00BB6BAE /* FamilyBalance */,
				56444DF824599FDF00BB6BAE /* FamilyBalanceTests */,
				56444E0324599FDF00BB6BAE /* FamilyBalanceUITests */,
			);
		};
/* End PBXProject section */

/* Begin PBXResourcesBuildPhase section */
		56444DDE24599FDD00BB6BAE /* Resources */ = {
			isa = PBXResourcesBuildPhase;
			buildActionMask = 2147483647;
			files = (
				56184180246C6261006BF368 /* Operations.storyboard in Resources */,
				56444DF324599FDF00BB6BAE /* LaunchScreen.storyboard in Resources */,
				5681648C246EF4F000BAAABF /* Filters.storyboard in Resources */,
				56444DF024599FDF00BB6BAE /* Assets.xcassets in Resources */,
				56444DEB24599FDD00BB6BAE /* SignIn.storyboard in Resources */,
				5682B8122473CEC1002E2186 /* CostsPieChartHeaderView.xib in Resources */,
				567086BE2465ABEA00CD2E2A /* Costs.storyboard in Resources */,
				568164A22472CF1C00BAAABF /* CostTableViewCell.xib in Resources */,
				56EB9BBC2463FB10002F815B /* Main.storyboard in Resources */,
				56AADA17246C4A9700B2CC8F /* SignUp.storyboard in Resources */,
				56C5A2A1246430F500CE5602 /* LoadingView.xib in Resources */,
			);
			runOnlyForDeploymentPostprocessing = 0;
		};
		56444DF724599FDF00BB6BAE /* Resources */ = {
			isa = PBXResourcesBuildPhase;
			buildActionMask = 2147483647;
			files = (
			);
			runOnlyForDeploymentPostprocessing = 0;
		};
		56444E0224599FDF00BB6BAE /* Resources */ = {
			isa = PBXResourcesBuildPhase;
			buildActionMask = 2147483647;
			files = (
			);
			runOnlyForDeploymentPostprocessing = 0;
		};
/* End PBXResourcesBuildPhase section */

/* Begin PBXShellScriptBuildPhase section */
		838C2A2010E691E23598155B /* [CP] Check Pods Manifest.lock */ = {
			isa = PBXShellScriptBuildPhase;
			buildActionMask = 2147483647;
			files = (
			);
			inputFileListPaths = (
			);
			inputPaths = (
				"${PODS_PODFILE_DIR_PATH}/Podfile.lock",
				"${PODS_ROOT}/Manifest.lock",
			);
			name = "[CP] Check Pods Manifest.lock";
			outputFileListPaths = (
			);
			outputPaths = (
				"$(DERIVED_FILE_DIR)/Pods-FamilyBalance-FamilyBalanceUITests-checkManifestLockResult.txt",
			);
			runOnlyForDeploymentPostprocessing = 0;
			shellPath = /bin/sh;
			shellScript = "diff \"${PODS_PODFILE_DIR_PATH}/Podfile.lock\" \"${PODS_ROOT}/Manifest.lock\" > /dev/null\nif [ $? != 0 ] ; then\n    # print error to STDERR\n    echo \"error: The sandbox is not in sync with the Podfile.lock. Run 'pod install' or update your CocoaPods installation.\" >&2\n    exit 1\nfi\n# This output is used by Xcode 'outputs' to avoid re-running this script phase.\necho \"SUCCESS\" > \"${SCRIPT_OUTPUT_FILE_0}\"\n";
			showEnvVarsInLog = 0;
		};
		8795CF363990C28EEEE15EE3 /* [CP] Check Pods Manifest.lock */ = {
			isa = PBXShellScriptBuildPhase;
			buildActionMask = 2147483647;
			files = (
			);
			inputFileListPaths = (
			);
			inputPaths = (
				"${PODS_PODFILE_DIR_PATH}/Podfile.lock",
				"${PODS_ROOT}/Manifest.lock",
			);
			name = "[CP] Check Pods Manifest.lock";
			outputFileListPaths = (
			);
			outputPaths = (
				"$(DERIVED_FILE_DIR)/Pods-FamilyBalance-checkManifestLockResult.txt",
			);
			runOnlyForDeploymentPostprocessing = 0;
			shellPath = /bin/sh;
			shellScript = "diff \"${PODS_PODFILE_DIR_PATH}/Podfile.lock\" \"${PODS_ROOT}/Manifest.lock\" > /dev/null\nif [ $? != 0 ] ; then\n    # print error to STDERR\n    echo \"error: The sandbox is not in sync with the Podfile.lock. Run 'pod install' or update your CocoaPods installation.\" >&2\n    exit 1\nfi\n# This output is used by Xcode 'outputs' to avoid re-running this script phase.\necho \"SUCCESS\" > \"${SCRIPT_OUTPUT_FILE_0}\"\n";
			showEnvVarsInLog = 0;
		};
		E1B80721CD9404A185628CCF /* [CP] Check Pods Manifest.lock */ = {
			isa = PBXShellScriptBuildPhase;
			buildActionMask = 2147483647;
			files = (
			);
			inputFileListPaths = (
			);
			inputPaths = (
				"${PODS_PODFILE_DIR_PATH}/Podfile.lock",
				"${PODS_ROOT}/Manifest.lock",
			);
			name = "[CP] Check Pods Manifest.lock";
			outputFileListPaths = (
			);
			outputPaths = (
				"$(DERIVED_FILE_DIR)/Pods-FamilyBalanceTests-checkManifestLockResult.txt",
			);
			runOnlyForDeploymentPostprocessing = 0;
			shellPath = /bin/sh;
			shellScript = "diff \"${PODS_PODFILE_DIR_PATH}/Podfile.lock\" \"${PODS_ROOT}/Manifest.lock\" > /dev/null\nif [ $? != 0 ] ; then\n    # print error to STDERR\n    echo \"error: The sandbox is not in sync with the Podfile.lock. Run 'pod install' or update your CocoaPods installation.\" >&2\n    exit 1\nfi\n# This output is used by Xcode 'outputs' to avoid re-running this script phase.\necho \"SUCCESS\" > \"${SCRIPT_OUTPUT_FILE_0}\"\n";
			showEnvVarsInLog = 0;
		};
/* End PBXShellScriptBuildPhase section */

/* Begin PBXSourcesBuildPhase section */
		56444DDC24599FDD00BB6BAE /* Sources */ = {
			isa = PBXSourcesBuildPhase;
			buildActionMask = 2147483647;
			files = (
				56EB9BBE2463FC89002F815B /* AppCoordinator.swift in Sources */,
				56444DE824599FDD00BB6BAE /* SignInViewController.swift in Sources */,
				56816492246EF54500BAAABF /* FiltersViewModel.swift in Sources */,
				5673755F245D8CB300DD02FB /* LoginModel.swift in Sources */,
				56444DE424599FDD00BB6BAE /* AppDelegate.swift in Sources */,
				56184188246C655E006BF368 /* OperationsViewModel.swift in Sources */,
				56AADA1B246C4AD100B2CC8F /* SignUpView.swift in Sources */,
				56EB9BC224640A29002F815B /* Storyboard+instantiate.swift in Sources */,
				56C5A29F246430DF00CE5602 /* LoadingView.swift in Sources */,
				568164A62472E2D300BAAABF /* CostsTableViewProvider.swift in Sources */,
				568164A42472DF3000BAAABF /* ReusableView.swift in Sources */,
				56444DEE24599FDD00BB6BAE /* FamilyBalance.xcdatamodeld in Sources */,
				5673DD6E24602AC50004EB12 /* AppRepository.swift in Sources */,
				56184182246C62AC006BF368 /* OperationsViewController.swift in Sources */,
				5618418F246D7899006BF368 /* AuthBackView.swift in Sources */,
				567086B82465890200CD2E2A /* CostsCoordinator.swift in Sources */,
				568164AA2472E44500BAAABF /* TableViewProvider.swift in Sources */,
				56816490246EF53500BAAABF /* FiltersView.swift in Sources */,
				56184193246D7FBE006BF368 /* AppColors.swift in Sources */,
				56EB9BBA2463FAE6002F815B /* CostsViewController.swift in Sources */,
				56184191246D7D1B006BF368 /* AppSizes.swift in Sources */,
				56184199246D8F10006BF368 /* UIViewController + dismissKeyboard.swift in Sources */,
				56AADA19246C4AB600B2CC8F /* CignUpViewController.swift in Sources */,
				568164A12472CF1C00BAAABF /* CostTableViewCell.swift in Sources */,
				56EB9BC424640E48002F815B /* SignInCoordinator.swift in Sources */,
				56AADA1D246C4AE900B2CC8F /* SignUpViewModel.swift in Sources */,
				56EB9B992461C73F002F815B /* BlueStrokeTextField.swift in Sources */,
				56816486246ED9EF00BAAABF /* CostsView.swift in Sources */,
				56816494246EF55E00BAAABF /* FiltersCoordinator.swift in Sources */,
				56444DE624599FDD00BB6BAE /* SceneDelegate.swift in Sources */,
				56AADA1F246C4B4600B2CC8F /* SignUpCoordinator.swift in Sources */,
				56AADA12246C38B100B2CC8F /* CoreDataClient.swift in Sources */,
				567E1E3D246AF9B000C50217 /* FafilyBalanseApiClient.swift in Sources */,
				567E1E3F246B01C400C50217 /* Keys.swift in Sources */,
				567E1E3B246ACAFA00C50217 /* SignInView.swift in Sources */,
				56C5A2A32464696900CE5602 /* MainCoordinator.swift in Sources */,
				56AADA14246C3BFB00B2CC8F /* BaseCoordirator.swift in Sources */,
				56184186246C6527006BF368 /* OperationsView.swift in Sources */,
				56816488246EE0CE00BAAABF /* UIImage + scaleTo.swift in Sources */,
				5681648E246EF50300BAAABF /* FiltersViewController.swift in Sources */,
				5681649B2472B23C00BAAABF /* CategoryViewModel.swift in Sources */,
				568164982472B0F100BAAABF /* Operation.swift in Sources */,
				56214F51246569C7000CE0BD /* CoordinatorProtocols.swift in Sources */,
				5673755D245D70C100DD02FB /* SignInViewModel.swift in Sources */,
				5682B80F2473CEA0002E2186 /* CostsPieChartHeaderView.swift in Sources */,
				567086B52465888000CD2E2A /* CostsViewModel.swift in Sources */,
				56184184246C637E006BF368 /* OperationsCoordinator.swift in Sources */,
				56184197246D8702006BF368 /* BlueRoundedButton.swift in Sources */,
				568164962472AFF200BAAABF /* Category.swift in Sources */,
			);
			runOnlyForDeploymentPostprocessing = 0;
		};
		56444DF524599FDF00BB6BAE /* Sources */ = {
			isa = PBXSourcesBuildPhase;
			buildActionMask = 2147483647;
			files = (
				56444DFE24599FDF00BB6BAE /* FamilyBalanceTests.swift in Sources */,
			);
			runOnlyForDeploymentPostprocessing = 0;
		};
		56444E0024599FDF00BB6BAE /* Sources */ = {
			isa = PBXSourcesBuildPhase;
			buildActionMask = 2147483647;
			files = (
				56444E0924599FDF00BB6BAE /* FamilyBalanceUITests.swift in Sources */,
			);
			runOnlyForDeploymentPostprocessing = 0;
		};
/* End PBXSourcesBuildPhase section */

/* Begin PBXTargetDependency section */
		56444DFB24599FDF00BB6BAE /* PBXTargetDependency */ = {
			isa = PBXTargetDependency;
			target = 56444DDF24599FDD00BB6BAE /* FamilyBalance */;
			targetProxy = 56444DFA24599FDF00BB6BAE /* PBXContainerItemProxy */;
		};
		56444E0624599FDF00BB6BAE /* PBXTargetDependency */ = {
			isa = PBXTargetDependency;
			target = 56444DDF24599FDD00BB6BAE /* FamilyBalance */;
			targetProxy = 56444E0524599FDF00BB6BAE /* PBXContainerItemProxy */;
		};
/* End PBXTargetDependency section */

/* Begin PBXVariantGroup section */
		56444DE924599FDD00BB6BAE /* SignIn.storyboard */ = {
			isa = PBXVariantGroup;
			children = (
				56444DEA24599FDD00BB6BAE /* Base */,
			);
			name = SignIn.storyboard;
			sourceTree = "<group>";
		};
		56444DF124599FDF00BB6BAE /* LaunchScreen.storyboard */ = {
			isa = PBXVariantGroup;
			children = (
				56444DF224599FDF00BB6BAE /* Base */,
			);
			name = LaunchScreen.storyboard;
			sourceTree = "<group>";
		};
/* End PBXVariantGroup section */

/* Begin XCBuildConfiguration section */
		56444E0B24599FDF00BB6BAE /* Debug */ = {
			isa = XCBuildConfiguration;
			buildSettings = {
				ALWAYS_SEARCH_USER_PATHS = NO;
				CLANG_ANALYZER_NONNULL = YES;
				CLANG_ANALYZER_NUMBER_OBJECT_CONVERSION = YES_AGGRESSIVE;
				CLANG_CXX_LANGUAGE_STANDARD = "gnu++14";
				CLANG_CXX_LIBRARY = "libc++";
				CLANG_ENABLE_MODULES = YES;
				CLANG_ENABLE_OBJC_ARC = YES;
				CLANG_ENABLE_OBJC_WEAK = YES;
				CLANG_WARN_BLOCK_CAPTURE_AUTORELEASING = YES;
				CLANG_WARN_BOOL_CONVERSION = YES;
				CLANG_WARN_COMMA = YES;
				CLANG_WARN_CONSTANT_CONVERSION = YES;
				CLANG_WARN_DEPRECATED_OBJC_IMPLEMENTATIONS = YES;
				CLANG_WARN_DIRECT_OBJC_ISA_USAGE = YES_ERROR;
				CLANG_WARN_DOCUMENTATION_COMMENTS = YES;
				CLANG_WARN_EMPTY_BODY = YES;
				CLANG_WARN_ENUM_CONVERSION = YES;
				CLANG_WARN_INFINITE_RECURSION = YES;
				CLANG_WARN_INT_CONVERSION = YES;
				CLANG_WARN_NON_LITERAL_NULL_CONVERSION = YES;
				CLANG_WARN_OBJC_IMPLICIT_RETAIN_SELF = YES;
				CLANG_WARN_OBJC_LITERAL_CONVERSION = YES;
				CLANG_WARN_OBJC_ROOT_CLASS = YES_ERROR;
				CLANG_WARN_RANGE_LOOP_ANALYSIS = YES;
				CLANG_WARN_STRICT_PROTOTYPES = YES;
				CLANG_WARN_SUSPICIOUS_MOVE = YES;
				CLANG_WARN_UNGUARDED_AVAILABILITY = YES_AGGRESSIVE;
				CLANG_WARN_UNREACHABLE_CODE = YES;
				CLANG_WARN__DUPLICATE_METHOD_MATCH = YES;
				COPY_PHASE_STRIP = NO;
				DEBUG_INFORMATION_FORMAT = dwarf;
				ENABLE_STRICT_OBJC_MSGSEND = YES;
				ENABLE_TESTABILITY = YES;
				GCC_C_LANGUAGE_STANDARD = gnu11;
				GCC_DYNAMIC_NO_PIC = NO;
				GCC_NO_COMMON_BLOCKS = YES;
				GCC_OPTIMIZATION_LEVEL = 0;
				GCC_PREPROCESSOR_DEFINITIONS = (
					"DEBUG=1",
					"$(inherited)",
				);
				GCC_WARN_64_TO_32_BIT_CONVERSION = YES;
				GCC_WARN_ABOUT_RETURN_TYPE = YES_ERROR;
				GCC_WARN_UNDECLARED_SELECTOR = YES;
				GCC_WARN_UNINITIALIZED_AUTOS = YES_AGGRESSIVE;
				GCC_WARN_UNUSED_FUNCTION = YES;
				GCC_WARN_UNUSED_VARIABLE = YES;
				IPHONEOS_DEPLOYMENT_TARGET = 13.4;
				MTL_ENABLE_DEBUG_INFO = INCLUDE_SOURCE;
				MTL_FAST_MATH = YES;
				ONLY_ACTIVE_ARCH = YES;
				SDKROOT = iphoneos;
				SWIFT_ACTIVE_COMPILATION_CONDITIONS = DEBUG;
				SWIFT_OPTIMIZATION_LEVEL = "-Onone";
			};
			name = Debug;
		};
		56444E0C24599FDF00BB6BAE /* Release */ = {
			isa = XCBuildConfiguration;
			buildSettings = {
				ALWAYS_SEARCH_USER_PATHS = NO;
				CLANG_ANALYZER_NONNULL = YES;
				CLANG_ANALYZER_NUMBER_OBJECT_CONVERSION = YES_AGGRESSIVE;
				CLANG_CXX_LANGUAGE_STANDARD = "gnu++14";
				CLANG_CXX_LIBRARY = "libc++";
				CLANG_ENABLE_MODULES = YES;
				CLANG_ENABLE_OBJC_ARC = YES;
				CLANG_ENABLE_OBJC_WEAK = YES;
				CLANG_WARN_BLOCK_CAPTURE_AUTORELEASING = YES;
				CLANG_WARN_BOOL_CONVERSION = YES;
				CLANG_WARN_COMMA = YES;
				CLANG_WARN_CONSTANT_CONVERSION = YES;
				CLANG_WARN_DEPRECATED_OBJC_IMPLEMENTATIONS = YES;
				CLANG_WARN_DIRECT_OBJC_ISA_USAGE = YES_ERROR;
				CLANG_WARN_DOCUMENTATION_COMMENTS = YES;
				CLANG_WARN_EMPTY_BODY = YES;
				CLANG_WARN_ENUM_CONVERSION = YES;
				CLANG_WARN_INFINITE_RECURSION = YES;
				CLANG_WARN_INT_CONVERSION = YES;
				CLANG_WARN_NON_LITERAL_NULL_CONVERSION = YES;
				CLANG_WARN_OBJC_IMPLICIT_RETAIN_SELF = YES;
				CLANG_WARN_OBJC_LITERAL_CONVERSION = YES;
				CLANG_WARN_OBJC_ROOT_CLASS = YES_ERROR;
				CLANG_WARN_RANGE_LOOP_ANALYSIS = YES;
				CLANG_WARN_STRICT_PROTOTYPES = YES;
				CLANG_WARN_SUSPICIOUS_MOVE = YES;
				CLANG_WARN_UNGUARDED_AVAILABILITY = YES_AGGRESSIVE;
				CLANG_WARN_UNREACHABLE_CODE = YES;
				CLANG_WARN__DUPLICATE_METHOD_MATCH = YES;
				COPY_PHASE_STRIP = NO;
				DEBUG_INFORMATION_FORMAT = "dwarf-with-dsym";
				ENABLE_NS_ASSERTIONS = NO;
				ENABLE_STRICT_OBJC_MSGSEND = YES;
				GCC_C_LANGUAGE_STANDARD = gnu11;
				GCC_NO_COMMON_BLOCKS = YES;
				GCC_WARN_64_TO_32_BIT_CONVERSION = YES;
				GCC_WARN_ABOUT_RETURN_TYPE = YES_ERROR;
				GCC_WARN_UNDECLARED_SELECTOR = YES;
				GCC_WARN_UNINITIALIZED_AUTOS = YES_AGGRESSIVE;
				GCC_WARN_UNUSED_FUNCTION = YES;
				GCC_WARN_UNUSED_VARIABLE = YES;
				IPHONEOS_DEPLOYMENT_TARGET = 13.4;
				MTL_ENABLE_DEBUG_INFO = NO;
				MTL_FAST_MATH = YES;
				SDKROOT = iphoneos;
				SWIFT_COMPILATION_MODE = wholemodule;
				SWIFT_OPTIMIZATION_LEVEL = "-O";
				VALIDATE_PRODUCT = YES;
			};
			name = Release;
		};
		56444E0E24599FDF00BB6BAE /* Debug */ = {
			isa = XCBuildConfiguration;
			baseConfigurationReference = 66EDDF4F16F91E530F3F6374 /* Pods-FamilyBalance.debug.xcconfig */;
			buildSettings = {
				ASSETCATALOG_COMPILER_APPICON_NAME = AppIcon;
				CODE_SIGN_STYLE = Automatic;
				DEVELOPMENT_TEAM = VL3SPLW988;
				INFOPLIST_FILE = FamilyBalance/Resources/Info.plist;
				LD_RUNPATH_SEARCH_PATHS = (
					"$(inherited)",
					"@executable_path/Frameworks",
				);
				PRODUCT_BUNDLE_IDENTIFIER = ru.home.stasyhard.FamilyBalance;
				PRODUCT_NAME = "$(TARGET_NAME)";
				SWIFT_VERSION = 5.0;
				TARGETED_DEVICE_FAMILY = "1,2";
			};
			name = Debug;
		};
		56444E0F24599FDF00BB6BAE /* Release */ = {
			isa = XCBuildConfiguration;
			baseConfigurationReference = 693C8FB37394743FB359AA70 /* Pods-FamilyBalance.release.xcconfig */;
			buildSettings = {
				ASSETCATALOG_COMPILER_APPICON_NAME = AppIcon;
				CODE_SIGN_STYLE = Automatic;
				DEVELOPMENT_TEAM = VL3SPLW988;
				INFOPLIST_FILE = FamilyBalance/Resources/Info.plist;
				LD_RUNPATH_SEARCH_PATHS = (
					"$(inherited)",
					"@executable_path/Frameworks",
				);
				PRODUCT_BUNDLE_IDENTIFIER = ru.home.stasyhard.FamilyBalance;
				PRODUCT_NAME = "$(TARGET_NAME)";
				SWIFT_VERSION = 5.0;
				TARGETED_DEVICE_FAMILY = "1,2";
			};
			name = Release;
		};
		56444E1124599FDF00BB6BAE /* Debug */ = {
			isa = XCBuildConfiguration;
			baseConfigurationReference = 07EFD6E96F6A8D2351747E70 /* Pods-FamilyBalanceTests.debug.xcconfig */;
			buildSettings = {
				ALWAYS_EMBED_SWIFT_STANDARD_LIBRARIES = YES;
				BUNDLE_LOADER = "$(TEST_HOST)";
				CODE_SIGN_STYLE = Automatic;
				DEVELOPMENT_TEAM = VL3SPLW988;
				INFOPLIST_FILE = FamilyBalanceTests/Info.plist;
				IPHONEOS_DEPLOYMENT_TARGET = 13.4;
				LD_RUNPATH_SEARCH_PATHS = (
					"$(inherited)",
					"@executable_path/Frameworks",
					"@loader_path/Frameworks",
				);
				PRODUCT_BUNDLE_IDENTIFIER = ru.home.stasyhard.FamilyBalanceTests;
				PRODUCT_NAME = "$(TARGET_NAME)";
				SWIFT_VERSION = 5.0;
				TARGETED_DEVICE_FAMILY = "1,2";
				TEST_HOST = "$(BUILT_PRODUCTS_DIR)/FamilyBalance.app/FamilyBalance";
			};
			name = Debug;
		};
		56444E1224599FDF00BB6BAE /* Release */ = {
			isa = XCBuildConfiguration;
			baseConfigurationReference = C057956AD55515964544265F /* Pods-FamilyBalanceTests.release.xcconfig */;
			buildSettings = {
				ALWAYS_EMBED_SWIFT_STANDARD_LIBRARIES = YES;
				BUNDLE_LOADER = "$(TEST_HOST)";
				CODE_SIGN_STYLE = Automatic;
				DEVELOPMENT_TEAM = VL3SPLW988;
				INFOPLIST_FILE = FamilyBalanceTests/Info.plist;
				IPHONEOS_DEPLOYMENT_TARGET = 13.4;
				LD_RUNPATH_SEARCH_PATHS = (
					"$(inherited)",
					"@executable_path/Frameworks",
					"@loader_path/Frameworks",
				);
				PRODUCT_BUNDLE_IDENTIFIER = ru.home.stasyhard.FamilyBalanceTests;
				PRODUCT_NAME = "$(TARGET_NAME)";
				SWIFT_VERSION = 5.0;
				TARGETED_DEVICE_FAMILY = "1,2";
				TEST_HOST = "$(BUILT_PRODUCTS_DIR)/FamilyBalance.app/FamilyBalance";
			};
			name = Release;
		};
		56444E1424599FDF00BB6BAE /* Debug */ = {
			isa = XCBuildConfiguration;
			baseConfigurationReference = 208D4E0B15A693C18A3339B5 /* Pods-FamilyBalance-FamilyBalanceUITests.debug.xcconfig */;
			buildSettings = {
				ALWAYS_EMBED_SWIFT_STANDARD_LIBRARIES = YES;
				CODE_SIGN_STYLE = Automatic;
				DEVELOPMENT_TEAM = VL3SPLW988;
				INFOPLIST_FILE = FamilyBalanceUITests/Info.plist;
				LD_RUNPATH_SEARCH_PATHS = (
					"$(inherited)",
					"@executable_path/Frameworks",
					"@loader_path/Frameworks",
				);
				PRODUCT_BUNDLE_IDENTIFIER = ru.home.stasyhard.FamilyBalanceUITests;
				PRODUCT_NAME = "$(TARGET_NAME)";
				SWIFT_VERSION = 5.0;
				TARGETED_DEVICE_FAMILY = "1,2";
				TEST_TARGET_NAME = FamilyBalance;
			};
			name = Debug;
		};
		56444E1524599FDF00BB6BAE /* Release */ = {
			isa = XCBuildConfiguration;
			baseConfigurationReference = F2EA8DF074B5AB89016FF794 /* Pods-FamilyBalance-FamilyBalanceUITests.release.xcconfig */;
			buildSettings = {
				ALWAYS_EMBED_SWIFT_STANDARD_LIBRARIES = YES;
				CODE_SIGN_STYLE = Automatic;
				DEVELOPMENT_TEAM = VL3SPLW988;
				INFOPLIST_FILE = FamilyBalanceUITests/Info.plist;
				LD_RUNPATH_SEARCH_PATHS = (
					"$(inherited)",
					"@executable_path/Frameworks",
					"@loader_path/Frameworks",
				);
				PRODUCT_BUNDLE_IDENTIFIER = ru.home.stasyhard.FamilyBalanceUITests;
				PRODUCT_NAME = "$(TARGET_NAME)";
				SWIFT_VERSION = 5.0;
				TARGETED_DEVICE_FAMILY = "1,2";
				TEST_TARGET_NAME = FamilyBalance;
			};
			name = Release;
		};
/* End XCBuildConfiguration section */

/* Begin XCConfigurationList section */
		56444DDB24599FDD00BB6BAE /* Build configuration list for PBXProject "FamilyBalance" */ = {
			isa = XCConfigurationList;
			buildConfigurations = (
				56444E0B24599FDF00BB6BAE /* Debug */,
				56444E0C24599FDF00BB6BAE /* Release */,
			);
			defaultConfigurationIsVisible = 0;
			defaultConfigurationName = Release;
		};
		56444E0D24599FDF00BB6BAE /* Build configuration list for PBXNativeTarget "FamilyBalance" */ = {
			isa = XCConfigurationList;
			buildConfigurations = (
				56444E0E24599FDF00BB6BAE /* Debug */,
				56444E0F24599FDF00BB6BAE /* Release */,
			);
			defaultConfigurationIsVisible = 0;
			defaultConfigurationName = Release;
		};
		56444E1024599FDF00BB6BAE /* Build configuration list for PBXNativeTarget "FamilyBalanceTests" */ = {
			isa = XCConfigurationList;
			buildConfigurations = (
				56444E1124599FDF00BB6BAE /* Debug */,
				56444E1224599FDF00BB6BAE /* Release */,
			);
			defaultConfigurationIsVisible = 0;
			defaultConfigurationName = Release;
		};
		56444E1324599FDF00BB6BAE /* Build configuration list for PBXNativeTarget "FamilyBalanceUITests" */ = {
			isa = XCConfigurationList;
			buildConfigurations = (
				56444E1424599FDF00BB6BAE /* Debug */,
				56444E1524599FDF00BB6BAE /* Release */,
			);
			defaultConfigurationIsVisible = 0;
			defaultConfigurationName = Release;
		};
/* End XCConfigurationList section */

/* Begin XCVersionGroup section */
		56444DEC24599FDD00BB6BAE /* FamilyBalance.xcdatamodeld */ = {
			isa = XCVersionGroup;
			children = (
				56444DED24599FDD00BB6BAE /* FamilyBalance.xcdatamodel */,
			);
			currentVersion = 56444DED24599FDD00BB6BAE /* FamilyBalance.xcdatamodel */;
			path = FamilyBalance.xcdatamodeld;
			sourceTree = "<group>";
			versionGroupType = wrapper.xcdatamodel;
		};
/* End XCVersionGroup section */
	};
	rootObject = 56444DD824599FDD00BB6BAE /* Project object */;
}
